{
  "name": "@shared/workspace",
  "version": "1.0.0",
  "lockfileVersion": 3,
  "requires": true,
  "packages": {
    "": {
      "name": "@shared/workspace",
      "version": "1.0.0",
      "dependencies": {
        "pavanxdcl-monorepo": "file:.."
      }
    },
    "..": {
      "name": "pavanxdcl-monorepo",
      "version": "1.0.0",
      "devDependencies": {
        "concurrently": "^8.2.2"
      }
    },
    "node_modules/pavanxdcl-monorepo": {
      "resolved": "..",
      "link": true
    }
  }
}
